
Microsoft Visual Studio Solution File, Format Version 12.00
# Visual Studio Version 16
VisualStudioVersion = 16.0.30611.23
MinimumVisualStudioVersion = 10.0.40219.1
Project("{FAE04EC0-301F-11D3-BF4B-00C04F79EFBC}") = "Color-Segments", "Color-Segments\Color-Segments.csproj", "{8A7ACD58-22A9-4484-A371-C72B783C517A}"
EndProject
Global
	GlobalSection(SolutionConfigurationPlatforms) = preSolution
		Debug|Any CPU = Debug|Any CPU
		Release|Any CPU = Release|Any CPU
	EndGlobalSection
	GlobalSection(ProjectConfigurationPlatforms) = postSolution
		{8A7ACD58-22A9-4484-A371-C72B783C517A}.Debug|Any CPU.ActiveCfg = Debug|Any CPU
		{8A7ACD58-22A9-4484-A371-C72B783C517A}.Debug|Any CPU.Build.0 = Debug|Any CPU
		{8A7ACD58-22A9-4484-A371-C72B783C517A}.Release|Any CPU.ActiveCfg = Release|Any CPU
		{8A7ACD58-22A9-4484-A371-C72B783C517A}.Release|Any CPU.Build.0 = Release|Any CPU
	EndGlobalSection
	GlobalSection(SolutionProperties) = preSolution
		HideSolutionNode = FALSE
	EndGlobalSection
	GlobalSection(ExtensibilityGlobals) = postSolution
		SolutionGuid = {B32DB53E-F79A-4C08-B547-B95512DFD464}
	EndGlobalSection
EndGlobal
